<?xml version="1.0" encoding="utf-8"?>
<Project ToolsVersion="4.0" xmlns="http://schemas.microsoft.com/developer/msbuild/2003">
  <ItemGroup>
    <Filter Include="源文件">
      <UniqueIdentifier>{4FC737F1-C7A5-4376-A066-2A32D752A2FF}</UniqueIdentifier>
      <Extensions>cpp;c;cc;cxx;def;odl;idl;hpj;bat;asm;asmx</Extensions>
    </Filter>
    <Filter Include="头文件">
      <UniqueIdentifier>{93995380-89BD-4b04-88EB-625FBE52EBFB}</UniqueIdentifier>
      <Extensions>h;hh;hpp;hxx;hm;inl;inc;xsd</Extensions>
    </Filter>
    <Filter Include="资源文件">
      <UniqueIdentifier>{67DA6AB6-F800-4c08-8B7A-83BB121AAD01}</UniqueIdentifier>
      <Extensions>rc;ico;cur;bmp;dlg;rc2;rct;bin;rgs;gif;jpg;jpeg;jpe;resx;tiff;tif;png;wav;mfcribbon-ms</Extensions>
    </Filter>
    <Filter Include="头文件\AbstractFactory">
      <UniqueIdentifier>{0722c862-568c-40dc-9541-74367e871578}</UniqueIdentifier>
    </Filter>
    <Filter Include="头文件\SimpleFactory">
      <UniqueIdentifier>{4a61e4cd-738e-45b1-acbf-fd18391ed5c9}</UniqueIdentifier>
    </Filter>
    <Filter Include="头文件\MethodFactory">
      <UniqueIdentifier>{d73dae35-f0f6-406b-99bd-7f985270536a}</UniqueIdentifier>
    </Filter>
    <Filter Include="源文件\SimpleDactory">
      <UniqueIdentifier>{fcca8250-5c7f-4e2b-9716-9f837e718893}</UniqueIdentifier>
    </Filter>
    <Filter Include="源文件\MethodFactory">
      <UniqueIdentifier>{814b6d37-57a5-4f83-9a4d-2e9bbe3a26df}</UniqueIdentifier>
    </Filter>
    <Filter Include="头文件\Product">
      <UniqueIdentifier>{e234bebc-e36f-46d7-834a-38e91d579dda}</UniqueIdentifier>
    </Filter>
    <Filter Include="源文件\Product">
      <UniqueIdentifier>{69cefbd0-0f74-4986-80c1-5ac442589763}</UniqueIdentifier>
    </Filter>
  </ItemGroup>
  <ItemGroup>
    <ClInclude Include="..\..\..\Src\FactoryPattern\SimpleFactory\CSimpleFactory.h">
      <Filter>头文件\SimpleFactory</Filter>
    </ClInclude>
    <ClInclude Include="..\..\..\Src\FactoryPattern\MethodFactory\cmfactory.h">
      <Filter>头文件\MethodFactory</Filter>
    </ClInclude>
    <ClInclude Include="..\..\..\Src\FactoryPattern\MethodFactory\cproductafactory.h">
      <Filter>头文件\MethodFactory</Filter>
    </ClInclude>
    <ClInclude Include="..\..\..\Src\FactoryPattern\MethodFactory\cproductbfactory.h">
      <Filter>头文件\MethodFactory</Filter>
    </ClInclude>
    <ClInclude Include="..\..\..\Src\FactoryPattern\Product\cmultibase.h">
      <Filter>头文件\Product</Filter>
    </ClInclude>
    <ClInclude Include="..\..\..\Src\FactoryPattern\Product\cproducta.h">
      <Filter>头文件\Product</Filter>
    </ClInclude>
    <ClInclude Include="..\..\..\Src\FactoryPattern\Product\cproductb.h">
      <Filter>头文件\Product</Filter>
    </ClInclude>
    <ClInclude Include="..\..\..\Src\FactoryPattern\Product\cproductbase.h">
      <Filter>头文件\Product</Filter>
    </ClInclude>
    <ClInclude Include="..\..\..\Src\FactoryPattern\Product\cproductx.h">
      <Filter>头文件\Product</Filter>
    </ClInclude>
    <ClInclude Include="..\..\..\Src\FactoryPattern\Product\cproducty.h">
      <Filter>头文件\Product</Filter>
    </ClInclude>
    <ClInclude Include="..\..\..\Src\FactoryPattern\AbstractFactory\cabstractfactory.h">
      <Filter>头文件\AbstractFactory</Filter>
    </ClInclude>
    <ClInclude Include="..\..\..\Src\FactoryPattern\AbstractFactory\cabstractfactoryax.h">
      <Filter>头文件\AbstractFactory</Filter>
    </ClInclude>
    <ClInclude Include="..\..\..\Src\FactoryPattern\AbstractFactory\cabstractfactoryby.h">
      <Filter>头文件\AbstractFactory</Filter>
    </ClInclude>
  </ItemGroup>
  <ItemGroup>
    <ClCompile Include="..\..\..\Src\FactoryPattern\SimpleFactory\CSimpleFactory.cpp">
      <Filter>源文件\SimpleDactory</Filter>
    </ClCompile>
    <ClCompile Include="..\..\..\Src\FactoryPattern\main.cpp">
      <Filter>源文件</Filter>
    </ClCompile>
    <ClCompile Include="..\..\..\Src\FactoryPattern\MethodFactory\cmfactory.cpp">
      <Filter>源文件\MethodFactory</Filter>
    </ClCompile>
    <ClCompile Include="..\..\..\Src\FactoryPattern\MethodFactory\cproductafactory.cpp">
      <Filter>源文件\MethodFactory</Filter>
    </ClCompile>
    <ClCompile Include="..\..\..\Src\FactoryPattern\MethodFactory\cproductbfactory.cpp">
      <Filter>源文件\MethodFactory</Filter>
    </ClCompile>
    <ClCompile Include="..\..\..\Src\FactoryPattern\Product\cmultibase.cpp">
      <Filter>源文件\Product</Filter>
    </ClCompile>
    <ClCompile Include="..\..\..\Src\FactoryPattern\Product\cproducta.cpp">
      <Filter>源文件\Product</Filter>
    </ClCompile>
    <ClCompile Include="..\..\..\Src\FactoryPattern\Product\cproductb.cpp">
      <Filter>源文件\Product</Filter>
    </ClCompile>
    <ClCompile Include="..\..\..\Src\FactoryPattern\Product\cproductbase.cpp">
      <Filter>源文件\Product</Filter>
    </ClCompile>
    <ClCompile Include="..\..\..\Src\FactoryPattern\Product\cproductx.cpp">
      <Filter>源文件\Product</Filter>
    </ClCompile>
    <ClCompile Include="..\..\..\Src\FactoryPattern\Product\cproducty.cpp">
      <Filter>源文件\Product</Filter>
    </ClCompile>
  </ItemGroup>
</Project>